// !$*UTF8*$!
{
	archiveVersion = 1;
	classes = {
	};
	objectVersion = 56;
	objects = {

/* Begin PBXBuildFile section */
		11163AB970AAC68FDD686B51 /* Pods_TrainingLogApp.framework in Frameworks */ = {isa = PBXBuildFile; fileRef = C4D0FB1178C466971FAB3F98 /* Pods_TrainingLogApp.framework */; };
		A14DC9F22919CFFA00FBC7B7 /* RealmObject.swift in Sources */ = {isa = PBXBuildFile; fileRef = A14DC9F12919CFFA00FBC7B7 /* RealmObject.swift */; };
		A14DC9F82919D00400FBC7B7 /* UIColor-Extension.swift in Sources */ = {isa = PBXBuildFile; fileRef = A14DC9F42919D00400FBC7B7 /* UIColor-Extension.swift */; };
		A14DC9F92919D00400FBC7B7 /* DateUtils.swift in Sources */ = {isa = PBXBuildFile; fileRef = A14DC9F52919D00400FBC7B7 /* DateUtils.swift */; };
		A14DC9FA2919D00400FBC7B7 /* UIView-Extension.swift in Sources */ = {isa = PBXBuildFile; fileRef = A14DC9F62919D00400FBC7B7 /* UIView-Extension.swift */; };
		A14DC9FB2919D00400FBC7B7 /* UIImage-Extension.swift in Sources */ = {isa = PBXBuildFile; fileRef = A14DC9F72919D00400FBC7B7 /* UIImage-Extension.swift */; };
		A14DC9FF2919D00C00FBC7B7 /* RealmModel.swift in Sources */ = {isa = PBXBuildFile; fileRef = A14DC9FD2919D00C00FBC7B7 /* RealmModel.swift */; };
		A14DCA002919D00C00FBC7B7 /* ValidattionModel.swift in Sources */ = {isa = PBXBuildFile; fileRef = A14DC9FE2919D00C00FBC7B7 /* ValidattionModel.swift */; };
		A14DCA0B2919D01600FBC7B7 /* SettingViewController.swift in Sources */ = {isa = PBXBuildFile; fileRef = A14DCA022919D01600FBC7B7 /* SettingViewController.swift */; };
		A14DCA0C2919D01600FBC7B7 /* BaseViewController.swift in Sources */ = {isa = PBXBuildFile; fileRef = A14DCA042919D01600FBC7B7 /* BaseViewController.swift */; };
		A14DCA0D2919D01600FBC7B7 /* RegisterMenuController.swift in Sources */ = {isa = PBXBuildFile; fileRef = A14DCA062919D01600FBC7B7 /* RegisterMenuController.swift */; };
		A14DCA0E2919D01600FBC7B7 /* PublicFooterView.swift in Sources */ = {isa = PBXBuildFile; fileRef = A14DCA072919D01600FBC7B7 /* PublicFooterView.swift */; };
		A14DCA0F2919D01600FBC7B7 /* RecordWorkoutController.swift in Sources */ = {isa = PBXBuildFile; fileRef = A14DCA082919D01600FBC7B7 /* RecordWorkoutController.swift */; };
		A14DCA102919D01600FBC7B7 /* HomeViewController.swift in Sources */ = {isa = PBXBuildFile; fileRef = A14DCA092919D01600FBC7B7 /* HomeViewController.swift */; };
		A14DCA112919D01600FBC7B7 /* RecordFormView.swift in Sources */ = {isa = PBXBuildFile; fileRef = A14DCA0A2919D01600FBC7B7 /* RecordFormView.swift */; };
		A14DCA162919D02700FBC7B7 /* FormValidateViewModel.swift in Sources */ = {isa = PBXBuildFile; fileRef = A14DCA132919D02700FBC7B7 /* FormValidateViewModel.swift */; };
		A14DCA172919D02700FBC7B7 /* WorkoutMenuViewModel.swift in Sources */ = {isa = PBXBuildFile; fileRef = A14DCA142919D02700FBC7B7 /* WorkoutMenuViewModel.swift */; };
		A14DCA182919D02700FBC7B7 /* WorkoutViewModel.swift in Sources */ = {isa = PBXBuildFile; fileRef = A14DCA152919D02700FBC7B7 /* WorkoutViewModel.swift */; };
		A16E3D6429196A72005BD52D /* AppDelegate.swift in Sources */ = {isa = PBXBuildFile; fileRef = A16E3D6329196A72005BD52D /* AppDelegate.swift */; };
		A16E3D6629196A72005BD52D /* SceneDelegate.swift in Sources */ = {isa = PBXBuildFile; fileRef = A16E3D6529196A72005BD52D /* SceneDelegate.swift */; };
		A16E3D6B29196A72005BD52D /* Main.storyboard in Resources */ = {isa = PBXBuildFile; fileRef = A16E3D6929196A72005BD52D /* Main.storyboard */; };
		A16E3D6D29196A73005BD52D /* Assets.xcassets in Resources */ = {isa = PBXBuildFile; fileRef = A16E3D6C29196A73005BD52D /* Assets.xcassets */; };
		A16E3D7029196A73005BD52D /* LaunchScreen.storyboard in Resources */ = {isa = PBXBuildFile; fileRef = A16E3D6E29196A73005BD52D /* LaunchScreen.storyboard */; };
/* End PBXBuildFile section */

/* Begin PBXFileReference section */
		041325C5F451B2BC44C4BE7F /* Pods-TrainingLogApp.debug.xcconfig */ = {isa = PBXFileReference; includeInIndex = 1; lastKnownFileType = text.xcconfig; name = "Pods-TrainingLogApp.debug.xcconfig"; path = "Target Support Files/Pods-TrainingLogApp/Pods-TrainingLogApp.debug.xcconfig"; sourceTree = "<group>"; };
		080981DAD0E9BF246C84F3E0 /* Pods-TrainingLogApp.release.xcconfig */ = {isa = PBXFileReference; includeInIndex = 1; lastKnownFileType = text.xcconfig; name = "Pods-TrainingLogApp.release.xcconfig"; path = "Target Support Files/Pods-TrainingLogApp/Pods-TrainingLogApp.release.xcconfig"; sourceTree = "<group>"; };
		A14DC9F12919CFFA00FBC7B7 /* RealmObject.swift */ = {isa = PBXFileReference; fileEncoding = 4; lastKnownFileType = sourcecode.swift; path = RealmObject.swift; sourceTree = "<group>"; };
		A14DC9F42919D00400FBC7B7 /* UIColor-Extension.swift */ = {isa = PBXFileReference; fileEncoding = 4; lastKnownFileType = sourcecode.swift; path = "UIColor-Extension.swift"; sourceTree = "<group>"; };
		A14DC9F52919D00400FBC7B7 /* DateUtils.swift */ = {isa = PBXFileReference; fileEncoding = 4; lastKnownFileType = sourcecode.swift; path = DateUtils.swift; sourceTree = "<group>"; };
		A14DC9F62919D00400FBC7B7 /* UIView-Extension.swift */ = {isa = PBXFileReference; fileEncoding = 4; lastKnownFileType = sourcecode.swift; path = "UIView-Extension.swift"; sourceTree = "<group>"; };
		A14DC9F72919D00400FBC7B7 /* UIImage-Extension.swift */ = {isa = PBXFileReference; fileEncoding = 4; lastKnownFileType = sourcecode.swift; path = "UIImage-Extension.swift"; sourceTree = "<group>"; };
		A14DC9FD2919D00C00FBC7B7 /* RealmModel.swift */ = {isa = PBXFileReference; fileEncoding = 4; lastKnownFileType = sourcecode.swift; path = RealmModel.swift; sourceTree = "<group>"; };
		A14DC9FE2919D00C00FBC7B7 /* ValidattionModel.swift */ = {isa = PBXFileReference; fileEncoding = 4; lastKnownFileType = sourcecode.swift; path = ValidattionModel.swift; sourceTree = "<group>"; };
		A14DCA022919D01600FBC7B7 /* SettingViewController.swift */ = {isa = PBXFileReference; fileEncoding = 4; lastKnownFileType = sourcecode.swift; path = SettingViewController.swift; sourceTree = "<group>"; };
		A14DCA042919D01600FBC7B7 /* BaseViewController.swift */ = {isa = PBXFileReference; fileEncoding = 4; lastKnownFileType = sourcecode.swift; path = BaseViewController.swift; sourceTree = "<group>"; };
		A14DCA062919D01600FBC7B7 /* RegisterMenuController.swift */ = {isa = PBXFileReference; fileEncoding = 4; lastKnownFileType = sourcecode.swift; path = RegisterMenuController.swift; sourceTree = "<group>"; };
		A14DCA072919D01600FBC7B7 /* PublicFooterView.swift */ = {isa = PBXFileReference; fileEncoding = 4; lastKnownFileType = sourcecode.swift; path = PublicFooterView.swift; sourceTree = "<group>"; };
		A14DCA082919D01600FBC7B7 /* RecordWorkoutController.swift */ = {isa = PBXFileReference; fileEncoding = 4; lastKnownFileType = sourcecode.swift; path = RecordWorkoutController.swift; sourceTree = "<group>"; };
		A14DCA092919D01600FBC7B7 /* HomeViewController.swift */ = {isa = PBXFileReference; fileEncoding = 4; lastKnownFileType = sourcecode.swift; path = HomeViewController.swift; sourceTree = "<group>"; };
		A14DCA0A2919D01600FBC7B7 /* RecordFormView.swift */ = {isa = PBXFileReference; fileEncoding = 4; lastKnownFileType = sourcecode.swift; path = RecordFormView.swift; sourceTree = "<group>"; };
		A14DCA132919D02700FBC7B7 /* FormValidateViewModel.swift */ = {isa = PBXFileReference; fileEncoding = 4; lastKnownFileType = sourcecode.swift; path = FormValidateViewModel.swift; sourceTree = "<group>"; };
		A14DCA142919D02700FBC7B7 /* WorkoutMenuViewModel.swift */ = {isa = PBXFileReference; fileEncoding = 4; lastKnownFileType = sourcecode.swift; path = WorkoutMenuViewModel.swift; sourceTree = "<group>"; };
		A14DCA152919D02700FBC7B7 /* WorkoutViewModel.swift */ = {isa = PBXFileReference; fileEncoding = 4; lastKnownFileType = sourcecode.swift; path = WorkoutViewModel.swift; sourceTree = "<group>"; };
		A16E3D6029196A72005BD52D /* TrainingLogApp.app */ = {isa = PBXFileReference; explicitFileType = wrapper.application; includeInIndex = 0; path = TrainingLogApp.app; sourceTree = BUILT_PRODUCTS_DIR; };
		A16E3D6329196A72005BD52D /* AppDelegate.swift */ = {isa = PBXFileReference; lastKnownFileType = sourcecode.swift; path = AppDelegate.swift; sourceTree = "<group>"; };
		A16E3D6529196A72005BD52D /* SceneDelegate.swift */ = {isa = PBXFileReference; lastKnownFileType = sourcecode.swift; path = SceneDelegate.swift; sourceTree = "<group>"; };
		A16E3D6A29196A72005BD52D /* Base */ = {isa = PBXFileReference; lastKnownFileType = file.storyboard; name = Base; path = Base.lproj/Main.storyboard; sourceTree = "<group>"; };
		A16E3D6C29196A73005BD52D /* Assets.xcassets */ = {isa = PBXFileReference; lastKnownFileType = folder.assetcatalog; path = Assets.xcassets; sourceTree = "<group>"; };
		A16E3D6F29196A73005BD52D /* Base */ = {isa = PBXFileReference; lastKnownFileType = file.storyboard; name = Base; path = Base.lproj/LaunchScreen.storyboard; sourceTree = "<group>"; };
		A16E3D7129196A73005BD52D /* Info.plist */ = {isa = PBXFileReference; lastKnownFileType = text.plist.xml; path = Info.plist; sourceTree = "<group>"; };
		C4D0FB1178C466971FAB3F98 /* Pods_TrainingLogApp.framework */ = {isa = PBXFileReference; explicitFileType = wrapper.framework; includeInIndex = 0; path = Pods_TrainingLogApp.framework; sourceTree = BUILT_PRODUCTS_DIR; };
/* End PBXFileReference section */

/* Begin PBXFrameworksBuildPhase section */
		A16E3D5D29196A72005BD52D /* Frameworks */ = {
			isa = PBXFrameworksBuildPhase;
			buildActionMask = 2147483647;
			files = (
				11163AB970AAC68FDD686B51 /* Pods_TrainingLogApp.framework in Frameworks */,
			);
			runOnlyForDeploymentPostprocessing = 0;
		};
/* End PBXFrameworksBuildPhase section */

/* Begin PBXGroup section */
		59D129A33D3242A7200A6DB8 /* Frameworks */ = {
			isa = PBXGroup;
			children = (
				C4D0FB1178C466971FAB3F98 /* Pods_TrainingLogApp.framework */,
			);
			name = Frameworks;
			sourceTree = "<group>";
		};
		A14DC9F32919D00400FBC7B7 /* Extensions */ = {
			isa = PBXGroup;
			children = (
				A14DC9F42919D00400FBC7B7 /* UIColor-Extension.swift */,
				A14DC9F52919D00400FBC7B7 /* DateUtils.swift */,
				A14DC9F62919D00400FBC7B7 /* UIView-Extension.swift */,
				A14DC9F72919D00400FBC7B7 /* UIImage-Extension.swift */,
			);
			path = Extensions;
			sourceTree = "<group>";
		};
		A14DC9FC2919D00C00FBC7B7 /* Models */ = {
			isa = PBXGroup;
			children = (
				A14DC9FD2919D00C00FBC7B7 /* RealmModel.swift */,
				A14DC9FE2919D00C00FBC7B7 /* ValidattionModel.swift */,
			);
			path = Models;
			sourceTree = "<group>";
		};
		A14DCA012919D01600FBC7B7 /* Views */ = {
			isa = PBXGroup;
			children = (
				A14DCA022919D01600FBC7B7 /* SettingViewController.swift */,
				A14DCA032919D01600FBC7B7 /* Home */,
				A14DCA042919D01600FBC7B7 /* BaseViewController.swift */,
				A14DCA052919D01600FBC7B7 /* Record */,
				A14DCA062919D01600FBC7B7 /* RegisterMenuController.swift */,
				A14DCA072919D01600FBC7B7 /* PublicFooterView.swift */,
				A14DCA082919D01600FBC7B7 /* RecordWorkoutController.swift */,
				A14DCA092919D01600FBC7B7 /* HomeViewController.swift */,
				A14DCA0A2919D01600FBC7B7 /* RecordFormView.swift */,
			);
			path = Views;
			sourceTree = "<group>";
		};
		A14DCA032919D01600FBC7B7 /* Home */ = {
			isa = PBXGroup;
			children = (
			);
			path = Home;
			sourceTree = "<group>";
		};
		A14DCA052919D01600FBC7B7 /* Record */ = {
			isa = PBXGroup;
			children = (
			);
			path = Record;
			sourceTree = "<group>";
		};
		A14DCA122919D02700FBC7B7 /* ViewModels */ = {
			isa = PBXGroup;
			children = (
				A14DCA132919D02700FBC7B7 /* FormValidateViewModel.swift */,
				A14DCA142919D02700FBC7B7 /* WorkoutMenuViewModel.swift */,
				A14DCA152919D02700FBC7B7 /* WorkoutViewModel.swift */,
			);
			path = ViewModels;
			sourceTree = "<group>";
		};
		A16E3D5729196A72005BD52D = {
			isa = PBXGroup;
			children = (
				A16E3D6229196A72005BD52D /* TrainingLogApp */,
				A16E3D6129196A72005BD52D /* Products */,
				E74F3D5E073896B3AA6029D8 /* Pods */,
				59D129A33D3242A7200A6DB8 /* Frameworks */,
			);
			sourceTree = "<group>";
		};
		A16E3D6129196A72005BD52D /* Products */ = {
			isa = PBXGroup;
			children = (
				A16E3D6029196A72005BD52D /* TrainingLogApp.app */,
			);
			name = Products;
			sourceTree = "<group>";
		};
		A16E3D6229196A72005BD52D /* TrainingLogApp */ = {
			isa = PBXGroup;
			children = (
				A14DC9F12919CFFA00FBC7B7 /* RealmObject.swift */,
				A14DC9F32919D00400FBC7B7 /* Extensions */,
				A16E3D6329196A72005BD52D /* AppDelegate.swift */,
				A16E3D6529196A72005BD52D /* SceneDelegate.swift */,
				A14DC9FC2919D00C00FBC7B7 /* Models */,
				A14DCA012919D01600FBC7B7 /* Views */,
				A14DCA122919D02700FBC7B7 /* ViewModels */,
				A16E3D6929196A72005BD52D /* Main.storyboard */,
				A16E3D6C29196A73005BD52D /* Assets.xcassets */,
				A16E3D6E29196A73005BD52D /* LaunchScreen.storyboard */,
				A16E3D7129196A73005BD52D /* Info.plist */,
			);
			path = TrainingLogApp;
			sourceTree = "<group>";
		};
		E74F3D5E073896B3AA6029D8 /* Pods */ = {
			isa = PBXGroup;
			children = (
				041325C5F451B2BC44C4BE7F /* Pods-TrainingLogApp.debug.xcconfig */,
				080981DAD0E9BF246C84F3E0 /* Pods-TrainingLogApp.release.xcconfig */,
			);
			path = Pods;
			sourceTree = "<group>";
		};
/* End PBXGroup section */

/* Begin PBXNativeTarget section */
		A16E3D5F29196A72005BD52D /* TrainingLogApp */ = {
			isa = PBXNativeTarget;
			buildConfigurationList = A16E3D7429196A73005BD52D /* Build configuration list for PBXNativeTarget "TrainingLogApp" */;
			buildPhases = (
				66BCF2704E5B271A6AF98FDD /* [CP] Check Pods Manifest.lock */,
				A16E3D5C29196A72005BD52D /* Sources */,
				A16E3D5D29196A72005BD52D /* Frameworks */,
				A16E3D5E29196A72005BD52D /* Resources */,
				96F92022B8575109EE602983 /* [CP] Embed Pods Frameworks */,
			);
			buildRules = (
			);
			dependencies = (
			);
			name = TrainingLogApp;
			productName = TrainingLogApp;
			productReference = A16E3D6029196A72005BD52D /* TrainingLogApp.app */;
			productType = "com.apple.product-type.application";
		};
/* End PBXNativeTarget section */

/* Begin PBXProject section */
		A16E3D5829196A72005BD52D /* Project object */ = {
			isa = PBXProject;
			attributes = {
				BuildIndependentTargetsInParallel = 1;
				LastSwiftUpdateCheck = 1410;
				LastUpgradeCheck = 1410;
				TargetAttributes = {
					A16E3D5F29196A72005BD52D = {
						CreatedOnToolsVersion = 14.1;
					};
				};
			};
			buildConfigurationList = A16E3D5B29196A72005BD52D /* Build configuration list for PBXProject "TrainingLogApp" */;
			compatibilityVersion = "Xcode 14.0";
			developmentRegion = en;
			hasScannedForEncodings = 0;
			knownRegions = (
				en,
				Base,
			);
			mainGroup = A16E3D5729196A72005BD52D;
			productRefGroup = A16E3D6129196A72005BD52D /* Products */;
			projectDirPath = "";
			projectRoot = "";
			targets = (
				A16E3D5F29196A72005BD52D /* TrainingLogApp */,
			);
		};
/* End PBXProject section */

/* Begin PBXResourcesBuildPhase section */
		A16E3D5E29196A72005BD52D /* Resources */ = {
			isa = PBXResourcesBuildPhase;
			buildActionMask = 2147483647;
			files = (
				A16E3D7029196A73005BD52D /* LaunchScreen.storyboard in Resources */,
				A16E3D6D29196A73005BD52D /* Assets.xcassets in Resources */,
				A16E3D6B29196A72005BD52D /* Main.storyboard in Resources */,
			);
			runOnlyForDeploymentPostprocessing = 0;
		};
/* End PBXResourcesBuildPhase section */

/* Begin PBXShellScriptBuildPhase section */
		66BCF2704E5B271A6AF98FDD /* [CP] Check Pods Manifest.lock */ = {
			isa = PBXShellScriptBuildPhase;
			buildActionMask = 2147483647;
			files = (
			);
			inputFileListPaths = (
			);
			inputPaths = (
				"${PODS_PODFILE_DIR_PATH}/Podfile.lock",
				"${PODS_ROOT}/Manifest.lock",
			);
			name = "[CP] Check Pods Manifest.lock";
			outputFileListPaths = (
			);
			outputPaths = (
				"$(DERIVED_FILE_DIR)/Pods-TrainingLogApp-checkManifestLockResult.txt",
			);
			runOnlyForDeploymentPostprocessing = 0;
			shellPath = /bin/sh;
			shellScript = "diff \"${PODS_PODFILE_DIR_PATH}/Podfile.lock\" \"${PODS_ROOT}/Manifest.lock\" > /dev/null\nif [ $? != 0 ] ; then\n    # print error to STDERR\n    echo \"error: The sandbox is not in sync with the Podfile.lock. Run 'pod install' or update your CocoaPods installation.\" >&2\n    exit 1\nfi\n# This output is used by Xcode 'outputs' to avoid re-running this script phase.\necho \"SUCCESS\" > \"${SCRIPT_OUTPUT_FILE_0}\"\n";
			showEnvVarsInLog = 0;
		};
		96F92022B8575109EE602983 /* [CP] Embed Pods Frameworks */ = {
			isa = PBXShellScriptBuildPhase;
			buildActionMask = 2147483647;
			files = (
			);
			inputFileListPaths = (
				"${PODS_ROOT}/Target Support Files/Pods-TrainingLogApp/Pods-TrainingLogApp-frameworks-${CONFIGURATION}-input-files.xcfilelist",
			);
			name = "[CP] Embed Pods Frameworks";
			outputFileListPaths = (
				"${PODS_ROOT}/Target Support Files/Pods-TrainingLogApp/Pods-TrainingLogApp-frameworks-${CONFIGURATION}-output-files.xcfilelist",
			);
			runOnlyForDeploymentPostprocessing = 0;
			shellPath = /bin/sh;
			shellScript = "\"${PODS_ROOT}/Target Support Files/Pods-TrainingLogApp/Pods-TrainingLogApp-frameworks.sh\"\n";
			showEnvVarsInLog = 0;
		};
/* End PBXShellScriptBuildPhase section */

/* Begin PBXSourcesBuildPhase section */
		A16E3D5C29196A72005BD52D /* Sources */ = {
			isa = PBXSourcesBuildPhase;
			buildActionMask = 2147483647;
			files = (
				A14DCA0D2919D01600FBC7B7 /* RegisterMenuController.swift in Sources */,
				A14DC9F22919CFFA00FBC7B7 /* RealmObject.swift in Sources */,
				A14DCA0B2919D01600FBC7B7 /* SettingViewController.swift in Sources */,
				A14DC9F92919D00400FBC7B7 /* DateUtils.swift in Sources */,
				A14DCA182919D02700FBC7B7 /* WorkoutViewModel.swift in Sources */,
				A14DC9F82919D00400FBC7B7 /* UIColor-Extension.swift in Sources */,
				A14DC9FA2919D00400FBC7B7 /* UIView-Extension.swift in Sources */,
				A14DCA162919D02700FBC7B7 /* FormValidateViewModel.swift in Sources */,
				A14DCA172919D02700FBC7B7 /* WorkoutMenuViewModel.swift in Sources */,
				A14DCA0C2919D01600FBC7B7 /* BaseViewController.swift in Sources */,
				A14DC9FF2919D00C00FBC7B7 /* RealmModel.swift in Sources */,
				A14DC9FB2919D00400FBC7B7 /* UIImage-Extension.swift in Sources */,
				A14DCA112919D01600FBC7B7 /* RecordFormView.swift in Sources */,
				A14DCA0E2919D01600FBC7B7 /* PublicFooterView.swift in Sources */,
				A14DCA102919D01600FBC7B7 /* HomeViewController.swift in Sources */,
				A14DCA002919D00C00FBC7B7 /* ValidattionModel.swift in Sources */,
				A14DCA0F2919D01600FBC7B7 /* RecordWorkoutController.swift in Sources */,
				A16E3D6429196A72005BD52D /* AppDelegate.swift in Sources */,
				A16E3D6629196A72005BD52D /* SceneDelegate.swift in Sources */,
			);
			runOnlyForDeploymentPostprocessing = 0;
		};
/* End PBXSourcesBuildPhase section */

/* Begin PBXVariantGroup section */
		A16E3D6929196A72005BD52D /* Main.storyboard */ = {
			isa = PBXVariantGroup;
			children = (
				A16E3D6A29196A72005BD52D /* Base */,
			);
			name = Main.storyboard;
			sourceTree = "<group>";
		};
		A16E3D6E29196A73005BD52D /* LaunchScreen.storyboard */ = {
			isa = PBXVariantGroup;
			children = (
				A16E3D6F29196A73005BD52D /* Base */,
			);
			name = LaunchScreen.storyboard;
			sourceTree = "<group>";
		};
/* End PBXVariantGroup section */

/* Begin XCBuildConfiguration section */
		A16E3D7229196A73005BD52D /* Debug */ = {
			isa = XCBuildConfiguration;
			buildSettings = {
				ALWAYS_SEARCH_USER_PATHS = NO;
				CLANG_ANALYZER_NONNULL = YES;
				CLANG_ANALYZER_NUMBER_OBJECT_CONVERSION = YES_AGGRESSIVE;
				CLANG_CXX_LANGUAGE_STANDARD = "gnu++20";
				CLANG_ENABLE_MODULES = YES;
				CLANG_ENABLE_OBJC_ARC = YES;
				CLANG_ENABLE_OBJC_WEAK = YES;
				CLANG_WARN_BLOCK_CAPTURE_AUTORELEASING = YES;
				CLANG_WARN_BOOL_CONVERSION = YES;
				CLANG_WARN_COMMA = YES;
				CLANG_WARN_CONSTANT_CONVERSION = YES;
				CLANG_WARN_DEPRECATED_OBJC_IMPLEMENTATIONS = YES;
				CLANG_WARN_DIRECT_OBJC_ISA_USAGE = YES_ERROR;
				CLANG_WARN_DOCUMENTATION_COMMENTS = YES;
				CLANG_WARN_EMPTY_BODY = YES;
				CLANG_WARN_ENUM_CONVERSION = YES;
				CLANG_WARN_INFINITE_RECURSION = YES;
				CLANG_WARN_INT_CONVERSION = YES;
				CLANG_WARN_NON_LITERAL_NULL_CONVERSION = YES;
				CLANG_WARN_OBJC_IMPLICIT_RETAIN_SELF = YES;
				CLANG_WARN_OBJC_LITERAL_CONVERSION = YES;
				CLANG_WARN_OBJC_ROOT_CLASS = YES_ERROR;
				CLANG_WARN_QUOTED_INCLUDE_IN_FRAMEWORK_HEADER = YES;
				CLANG_WARN_RANGE_LOOP_ANALYSIS = YES;
				CLANG_WARN_STRICT_PROTOTYPES = YES;
				CLANG_WARN_SUSPICIOUS_MOVE = YES;
				CLANG_WARN_UNGUARDED_AVAILABILITY = YES_AGGRESSIVE;
				CLANG_WARN_UNREACHABLE_CODE = YES;
				CLANG_WARN__DUPLICATE_METHOD_MATCH = YES;
				COPY_PHASE_STRIP = NO;
				DEBUG_INFORMATION_FORMAT = dwarf;
				ENABLE_STRICT_OBJC_MSGSEND = YES;
				ENABLE_TESTABILITY = YES;
				GCC_C_LANGUAGE_STANDARD = gnu11;
				GCC_DYNAMIC_NO_PIC = NO;
				GCC_NO_COMMON_BLOCKS = YES;
				GCC_OPTIMIZATION_LEVEL = 0;
				GCC_PREPROCESSOR_DEFINITIONS = (
					"DEBUG=1",
					"$(inherited)",
				);
				GCC_WARN_64_TO_32_BIT_CONVERSION = YES;
				GCC_WARN_ABOUT_RETURN_TYPE = YES_ERROR;
				GCC_WARN_UNDECLARED_SELECTOR = YES;
				GCC_WARN_UNINITIALIZED_AUTOS = YES_AGGRESSIVE;
				GCC_WARN_UNUSED_FUNCTION = YES;
				GCC_WARN_UNUSED_VARIABLE = YES;
				IPHONEOS_DEPLOYMENT_TARGET = 16.1;
				MTL_ENABLE_DEBUG_INFO = INCLUDE_SOURCE;
				MTL_FAST_MATH = YES;
				ONLY_ACTIVE_ARCH = YES;
				SDKROOT = iphoneos;
				SWIFT_ACTIVE_COMPILATION_CONDITIONS = DEBUG;
				SWIFT_OPTIMIZATION_LEVEL = "-Onone";
			};
			name = Debug;
		};
		A16E3D7329196A73005BD52D /* Release */ = {
			isa = XCBuildConfiguration;
			buildSettings = {
				ALWAYS_SEARCH_USER_PATHS = NO;
				CLANG_ANALYZER_NONNULL = YES;
				CLANG_ANALYZER_NUMBER_OBJECT_CONVERSION = YES_AGGRESSIVE;
				CLANG_CXX_LANGUAGE_STANDARD = "gnu++20";
				CLANG_ENABLE_MODULES = YES;
				CLANG_ENABLE_OBJC_ARC = YES;
				CLANG_ENABLE_OBJC_WEAK = YES;
				CLANG_WARN_BLOCK_CAPTURE_AUTORELEASING = YES;
				CLANG_WARN_BOOL_CONVERSION = YES;
				CLANG_WARN_COMMA = YES;
				CLANG_WARN_CONSTANT_CONVERSION = YES;
				CLANG_WARN_DEPRECATED_OBJC_IMPLEMENTATIONS = YES;
				CLANG_WARN_DIRECT_OBJC_ISA_USAGE = YES_ERROR;
				CLANG_WARN_DOCUMENTATION_COMMENTS = YES;
				CLANG_WARN_EMPTY_BODY = YES;
				CLANG_WARN_ENUM_CONVERSION = YES;
				CLANG_WARN_INFINITE_RECURSION = YES;
				CLANG_WARN_INT_CONVERSION = YES;
				CLANG_WARN_NON_LITERAL_NULL_CONVERSION = YES;
				CLANG_WARN_OBJC_IMPLICIT_RETAIN_SELF = YES;
				CLANG_WARN_OBJC_LITERAL_CONVERSION = YES;
				CLANG_WARN_OBJC_ROOT_CLASS = YES_ERROR;
				CLANG_WARN_QUOTED_INCLUDE_IN_FRAMEWORK_HEADER = YES;
				CLANG_WARN_RANGE_LOOP_ANALYSIS = YES;
				CLANG_WARN_STRICT_PROTOTYPES = YES;
				CLANG_WARN_SUSPICIOUS_MOVE = YES;
				CLANG_WARN_UNGUARDED_AVAILABILITY = YES_AGGRESSIVE;
				CLANG_WARN_UNREACHABLE_CODE = YES;
				CLANG_WARN__DUPLICATE_METHOD_MATCH = YES;
				COPY_PHASE_STRIP = NO;
				DEBUG_INFORMATION_FORMAT = "dwarf-with-dsym";
				ENABLE_NS_ASSERTIONS = NO;
				ENABLE_STRICT_OBJC_MSGSEND = YES;
				GCC_C_LANGUAGE_STANDARD = gnu11;
				GCC_NO_COMMON_BLOCKS = YES;
				GCC_WARN_64_TO_32_BIT_CONVERSION = YES;
				GCC_WARN_ABOUT_RETURN_TYPE = YES_ERROR;
				GCC_WARN_UNDECLARED_SELECTOR = YES;
				GCC_WARN_UNINITIALIZED_AUTOS = YES_AGGRESSIVE;
				GCC_WARN_UNUSED_FUNCTION = YES;
				GCC_WARN_UNUSED_VARIABLE = YES;
				IPHONEOS_DEPLOYMENT_TARGET = 16.1;
				MTL_ENABLE_DEBUG_INFO = NO;
				MTL_FAST_MATH = YES;
				SDKROOT = iphoneos;
				SWIFT_COMPILATION_MODE = wholemodule;
				SWIFT_OPTIMIZATION_LEVEL = "-O";
				VALIDATE_PRODUCT = YES;
			};
			name = Release;
		};
		A16E3D7529196A73005BD52D /* Debug */ = {
			isa = XCBuildConfiguration;
			baseConfigurationReference = 041325C5F451B2BC44C4BE7F /* Pods-TrainingLogApp.debug.xcconfig */;
			buildSettings = {
				ASSETCATALOG_COMPILER_APPICON_NAME = AppIcon;
				ASSETCATALOG_COMPILER_GLOBAL_ACCENT_COLOR_NAME = AccentColor;
				CODE_SIGN_STYLE = Automatic;
				CURRENT_PROJECT_VERSION = 1;
				DEVELOPMENT_TEAM = W24G5Z7D4D;
				GENERATE_INFOPLIST_FILE = YES;
				INFOPLIST_FILE = TrainingLogApp/Info.plist;
				INFOPLIST_KEY_UIApplicationSupportsIndirectInputEvents = YES;
				INFOPLIST_KEY_UILaunchStoryboardName = LaunchScreen;
				INFOPLIST_KEY_UIMainStoryboardFile = Main;
				INFOPLIST_KEY_UISupportedInterfaceOrientations_iPad = "UIInterfaceOrientationPortrait UIInterfaceOrientationPortraitUpsideDown UIInterfaceOrientationLandscapeLeft UIInterfaceOrientationLandscapeRight";
				INFOPLIST_KEY_UISupportedInterfaceOrientations_iPhone = "UIInterfaceOrientationPortrait UIInterfaceOrientationLandscapeLeft UIInterfaceOrientationLandscapeRight";
				LD_RUNPATH_SEARCH_PATHS = (
					"$(inherited)",
					"@executable_path/Frameworks",
				);
				MARKETING_VERSION = 1.0;
				PRODUCT_BUNDLE_IDENTIFIER = yordgenome.com.TrainingLogApp;
				PRODUCT_NAME = "$(TARGET_NAME)";
				SWIFT_EMIT_LOC_STRINGS = YES;
				SWIFT_VERSION = 5.0;
				TARGETED_DEVICE_FAMILY = "1,2";
			};
			name = Debug;
		};
		A16E3D7629196A73005BD52D /* Release */ = {
			isa = XCBuildConfiguration;
			baseConfigurationReference = 080981DAD0E9BF246C84F3E0 /* Pods-TrainingLogApp.release.xcconfig */;
			buildSettings = {
				ASSETCATALOG_COMPILER_APPICON_NAME = AppIcon;
				ASSETCATALOG_COMPILER_GLOBAL_ACCENT_COLOR_NAME = AccentColor;
				CODE_SIGN_STYLE = Automatic;
				CURRENT_PROJECT_VERSION = 1;
				DEVELOPMENT_TEAM = W24G5Z7D4D;
				GENERATE_INFOPLIST_FILE = YES;
				INFOPLIST_FILE = TrainingLogApp/Info.plist;
				INFOPLIST_KEY_UIApplicationSupportsIndirectInputEvents = YES;
				INFOPLIST_KEY_UILaunchStoryboardName = LaunchScreen;
				INFOPLIST_KEY_UIMainStoryboardFile = Main;
				INFOPLIST_KEY_UISupportedInterfaceOrientations_iPad = "UIInterfaceOrientationPortrait UIInterfaceOrientationPortraitUpsideDown UIInterfaceOrientationLandscapeLeft UIInterfaceOrientationLandscapeRight";
				INFOPLIST_KEY_UISupportedInterfaceOrientations_iPhone = "UIInterfaceOrientationPortrait UIInterfaceOrientationLandscapeLeft UIInterfaceOrientationLandscapeRight";
				LD_RUNPATH_SEARCH_PATHS = (
					"$(inherited)",
					"@executable_path/Frameworks",
				);
				MARKETING_VERSION = 1.0;
				PRODUCT_BUNDLE_IDENTIFIER = yordgenome.com.TrainingLogApp;
				PRODUCT_NAME = "$(TARGET_NAME)";
				SWIFT_EMIT_LOC_STRINGS = YES;
				SWIFT_VERSION = 5.0;
				TARGETED_DEVICE_FAMILY = "1,2";
			};
			name = Release;
		};
/* End XCBuildConfiguration section */

/* Begin XCConfigurationList section */
		A16E3D5B29196A72005BD52D /* Build configuration list for PBXProject "TrainingLogApp" */ = {
			isa = XCConfigurationList;
			buildConfigurations = (
				A16E3D7229196A73005BD52D /* Debug */,
				A16E3D7329196A73005BD52D /* Release */,
			);
			defaultConfigurationIsVisible = 0;
			defaultConfigurationName = Release;
		};
		A16E3D7429196A73005BD52D /* Build configuration list for PBXNativeTarget "TrainingLogApp" */ = {
			isa = XCConfigurationList;
			buildConfigurations = (
				A16E3D7529196A73005BD52D /* Debug */,
				A16E3D7629196A73005BD52D /* Release */,
			);
			defaultConfigurationIsVisible = 0;
			defaultConfigurationName = Release;
		};
/* End XCConfigurationList section */
	};
	rootObject = A16E3D5829196A72005BD52D /* Project object */;
}
